
Microsoft Visual Studio Solution File, Format Version 12.00
# Visual Studio Version 17
VisualStudioVersion = 17.1.32319.34
MinimumVisualStudioVersion = 10.0.40219.1
Project("{FAE04EC0-301F-11D3-BF4B-00C04F79EFBC}") = "csharp-functions", "csharp-functions\csharp-functions.csproj", "{38F6D7BC-7088-49B0-8D99-4C6C28B2596A}"
EndProject
Global
	GlobalSection(SolutionConfigurationPlatforms) = preSolution
		Debug|Any CPU = Debug|Any CPU
		Release|Any CPU = Release|Any CPU
	EndGlobalSection
	GlobalSection(ProjectConfigurationPlatforms) = postSolution
		{38F6D7BC-7088-49B0-8D99-4C6C28B2596A}.Debug|Any CPU.ActiveCfg = Debug|Any CPU
		{38F6D7BC-7088-49B0-8D99-4C6C28B2596A}.Debug|Any CPU.Build.0 = Debug|Any CPU
		{38F6D7BC-7088-49B0-8D99-4C6C28B2596A}.Release|Any CPU.ActiveCfg = Release|Any CPU
		{38F6D7BC-7088-49B0-8D99-4C6C28B2596A}.Release|Any CPU.Build.0 = Release|Any CPU
	EndGlobalSection
	GlobalSection(SolutionProperties) = preSolution
		HideSolutionNode = FALSE
	EndGlobalSection
	GlobalSection(ExtensibilityGlobals) = postSolution
		SolutionGuid = {CAA85A03-AD60-4641-94FB-0DF84A8580E0}
	EndGlobalSection
EndGlobal
